
Microsoft Visual Studio Solution File, Format Version 12.00
# Visual Studio Version 17
VisualStudioVersion = 17.7.34221.43
MinimumVisualStudioVersion = 10.0.40219.1
Project("{9A19103F-16F7-4668-BE54-9A1E7A4F7556}") = "01_Basics", "01_Basics\01_Basics.csproj", "{A2408D9F-11B9-4BC1-87F8-469DE17B4199}"
EndProject
Project("{FAE04EC0-301F-11D3-BF4B-00C04F79EFBC}") = "02_Arrays", "02_Arrays\02_Arrays.csproj", "{CD7312F3-B5F1-46C0-A4CE-F42D7251644A}"
EndProject
Project("{FAE04EC0-301F-11D3-BF4B-00C04F79EFBC}") = "04_Classes", "04_Classes\04_Classes.csproj", "{82398333-90D9-409C-89E8-0C4D16A5B2AB}"
EndProject
Project("{FAE04EC0-301F-11D3-BF4B-00C04F79EFBC}") = "05_WFExample", "05_WFExample\05_WFExample.csproj", "{352DE2A8-C62A-4BA7-BFAD-3EA0B2EC962E}"
EndProject
Project("{FAE04EC0-301F-11D3-BF4B-00C04F79EFBC}") = "06_Namespaces", "06_Namespaces\06_Namespaces.csproj", "{B1726ABD-8E00-43D1-84BF-B9BDF8248BD1}"
EndProject
Project("{FAE04EC0-301F-11D3-BF4B-00C04F79EFBC}") = "07_CircleTask", "07_CircleTask\07_CircleTask.csproj", "{29222B65-ACE7-43F8-9D0A-7E2030F73103}"
EndProject
Global
	GlobalSection(SolutionConfigurationPlatforms) = preSolution
		Debug|Any CPU = Debug|Any CPU
		Release|Any CPU = Release|Any CPU
	EndGlobalSection
	GlobalSection(ProjectConfigurationPlatforms) = postSolution
		{A2408D9F-11B9-4BC1-87F8-469DE17B4199}.Debug|Any CPU.ActiveCfg = Debug|Any CPU
		{A2408D9F-11B9-4BC1-87F8-469DE17B4199}.Debug|Any CPU.Build.0 = Debug|Any CPU
		{A2408D9F-11B9-4BC1-87F8-469DE17B4199}.Release|Any CPU.ActiveCfg = Release|Any CPU
		{A2408D9F-11B9-4BC1-87F8-469DE17B4199}.Release|Any CPU.Build.0 = Release|Any CPU
		{CD7312F3-B5F1-46C0-A4CE-F42D7251644A}.Debug|Any CPU.ActiveCfg = Debug|Any CPU
		{CD7312F3-B5F1-46C0-A4CE-F42D7251644A}.Debug|Any CPU.Build.0 = Debug|Any CPU
		{CD7312F3-B5F1-46C0-A4CE-F42D7251644A}.Release|Any CPU.ActiveCfg = Release|Any CPU
		{CD7312F3-B5F1-46C0-A4CE-F42D7251644A}.Release|Any CPU.Build.0 = Release|Any CPU
		{82398333-90D9-409C-89E8-0C4D16A5B2AB}.Debug|Any CPU.ActiveCfg = Debug|Any CPU
		{82398333-90D9-409C-89E8-0C4D16A5B2AB}.Debug|Any CPU.Build.0 = Debug|Any CPU
		{82398333-90D9-409C-89E8-0C4D16A5B2AB}.Release|Any CPU.ActiveCfg = Release|Any CPU
		{82398333-90D9-409C-89E8-0C4D16A5B2AB}.Release|Any CPU.Build.0 = Release|Any CPU
		{352DE2A8-C62A-4BA7-BFAD-3EA0B2EC962E}.Debug|Any CPU.ActiveCfg = Debug|Any CPU
		{352DE2A8-C62A-4BA7-BFAD-3EA0B2EC962E}.Debug|Any CPU.Build.0 = Debug|Any CPU
		{352DE2A8-C62A-4BA7-BFAD-3EA0B2EC962E}.Release|Any CPU.ActiveCfg = Release|Any CPU
		{352DE2A8-C62A-4BA7-BFAD-3EA0B2EC962E}.Release|Any CPU.Build.0 = Release|Any CPU
		{B1726ABD-8E00-43D1-84BF-B9BDF8248BD1}.Debug|Any CPU.ActiveCfg = Debug|Any CPU
		{B1726ABD-8E00-43D1-84BF-B9BDF8248BD1}.Debug|Any CPU.Build.0 = Debug|Any CPU
		{B1726ABD-8E00-43D1-84BF-B9BDF8248BD1}.Release|Any CPU.ActiveCfg = Release|Any CPU
		{B1726ABD-8E00-43D1-84BF-B9BDF8248BD1}.Release|Any CPU.Build.0 = Release|Any CPU
		{29222B65-ACE7-43F8-9D0A-7E2030F73103}.Debug|Any CPU.ActiveCfg = Debug|Any CPU
		{29222B65-ACE7-43F8-9D0A-7E2030F73103}.Debug|Any CPU.Build.0 = Debug|Any CPU
		{29222B65-ACE7-43F8-9D0A-7E2030F73103}.Release|Any CPU.ActiveCfg = Release|Any CPU
		{29222B65-ACE7-43F8-9D0A-7E2030F73103}.Release|Any CPU.Build.0 = Release|Any CPU
	EndGlobalSection
	GlobalSection(SolutionProperties) = preSolution
		HideSolutionNode = FALSE
	EndGlobalSection
	GlobalSection(ExtensibilityGlobals) = postSolution
		SolutionGuid = {686CFEEA-3FDE-44A8-8F14-1FC179244420}
	EndGlobalSection
EndGlobal
