
Microsoft Visual Studio Solution File, Format Version 12.00
# Visual Studio Version 17
VisualStudioVersion = 17.7.34221.43
MinimumVisualStudioVersion = 10.0.40219.1
Project("{9A19103F-16F7-4668-BE54-9A1E7A4F7556}") = "01_Basics", "01_Basics\01_Basics.csproj", "{A2408D9F-11B9-4BC1-87F8-469DE17B4199}"
EndProject
Project("{FAE04EC0-301F-11D3-BF4B-00C04F79EFBC}") = "02_Arrays", "02_Arrays\02_Arrays.csproj", "{CD7312F3-B5F1-46C0-A4CE-F42D7251644A}"
EndProject
Project("{FAE04EC0-301F-11D3-BF4B-00C04F79EFBC}") = "04_Classes", "04_Classes\04_Classes.csproj", "{82398333-90D9-409C-89E8-0C4D16A5B2AB}"
EndProject
Project("{FAE04EC0-301F-11D3-BF4B-00C04F79EFBC}") = "05_WFExample", "05_WFExample\05_WFExample.csproj", "{352DE2A8-C62A-4BA7-BFAD-3EA0B2EC962E}"
EndProject
Project("{FAE04EC0-301F-11D3-BF4B-00C04F79EFBC}") = "06_Namespaces", "06_Namespaces\06_Namespaces.csproj", "{B1726ABD-8E00-43D1-84BF-B9BDF8248BD1}"
EndProject
Project("{FAE04EC0-301F-11D3-BF4B-00C04F79EFBC}") = "07_CircleTask", "07_CircleTask\07_CircleTask.csproj", "{29222B65-ACE7-43F8-9D0A-7E2030F73103}"
EndProject
Project("{FAE04EC0-301F-11D3-BF4B-00C04F79EFBC}") = "08_OperatorsOverloading", "08_OperatorsOverloading\08_OperatorsOverloading.csproj", "{DB82766A-39E0-46CF-9745-AB801A1678A3}"
EndProject
Project("{FAE04EC0-301F-11D3-BF4B-00C04F79EFBC}") = "09_ShopTask", "09_ShopTask\09_ShopTask.csproj", "{5375C701-61D2-4E27-A667-D2365B93044C}"
EndProject
Project("{FAE04EC0-301F-11D3-BF4B-00C04F79EFBC}") = "10_PlaneHomework", "10_PlaneHomework\10_PlaneHomework.csproj", "{191190D0-F7F2-4231-BEE5-33F5F9FD2CED}"
EndProject
Project("{FAE04EC0-301F-11D3-BF4B-00C04F79EFBC}") = "11_Exceptions", "11_Exceptions\11_Exceptions.csproj", "{484B0FFB-4A74-4034-BFB8-7798FFCC4C2A}"
EndProject
Project("{FAE04EC0-301F-11D3-BF4B-00C04F79EFBC}") = "12_Inheritance", "12_Inheritance\12_Inheritance.csproj", "{B36EB811-5ED3-40A9-98D8-5E5EFE8A723B}"
EndProject
Project("{FAE04EC0-301F-11D3-BF4B-00C04F79EFBC}") = "13_Polymorphism", "13_Polymorphism\13_Polymorphism.csproj", "{9902F4CC-A337-4B06-8D3E-B97EF7F40515}"
EndProject
Project("{FAE04EC0-301F-11D3-BF4B-00C04F79EFBC}") = "14_BookHomework", "14_BookHomework\14_BookHomework.csproj", "{A0FB34E8-4845-4F65-81DC-6D49BBDF83C1}"
EndProject
Project("{FAE04EC0-301F-11D3-BF4B-00C04F79EFBC}") = "15_Interfaces", "15_Interfaces\15_Interfaces.csproj", "{2C5C0505-978E-4A45-B678-87D40FA91152}"
EndProject
Project("{FAE04EC0-301F-11D3-BF4B-00C04F79EFBC}") = "16_InterfacesTask", "16_InterfacesTask\16_InterfacesTask.csproj", "{F9063656-E06B-4C92-B811-4DE5157CAEC6}"
EndProject
Project("{FAE04EC0-301F-11D3-BF4B-00C04F79EFBC}") = "17_StandartInterfaces", "17_StandartInterfaces\17_StandartInterfaces.csproj", "{123F3655-FEF4-4333-BC89-3A7BA07A1D98}"
EndProject
Project("{FAE04EC0-301F-11D3-BF4B-00C04F79EFBC}") = "18_IComparerTask", "18_ICoparerTask\18_IComparerTask.csproj", "{4F68D54F-3FA5-44BE-9282-A5FE4DC539C6}"
EndProject
Project("{FAE04EC0-301F-11D3-BF4B-00C04F79EFBC}") = "19_VectorHomework", "19_VectorHomework\19_VectorHomework.csproj", "{E93139F6-5153-4C7D-8563-6DA80EE93F6D}"
EndProject
Project("{FAE04EC0-301F-11D3-BF4B-00C04F79EFBC}") = "20_UserCollections", "20_UserCollections\20_UserCollections.csproj", "{87430CDE-C34A-4B6D-A7E2-D47C52006C76}"
EndProject
Project("{FAE04EC0-301F-11D3-BF4B-00C04F79EFBC}") = "21_Generics", "21_Generics\21_Generics.csproj", "{615EEE13-A4BC-49A9-941C-010604454F95}"
EndProject
Project("{FAE04EC0-301F-11D3-BF4B-00C04F79EFBC}") = "22_GenericPoints", "22_GenericPoints\22_GenericPoints.csproj", "{70462839-A960-43D8-894B-5F3F95095E31}"
EndProject
Project("{FAE04EC0-301F-11D3-BF4B-00C04F79EFBC}") = "23_GenericVector", "23_GenericVector\23_GenericVector.csproj", "{312B7B8F-55E0-4237-A427-3B20B2AE5EF0}"
EndProject
Project("{FAE04EC0-301F-11D3-BF4B-00C04F79EFBC}") = "24_GenericList", "24_GenericList\24_GenericList.csproj", "{69C284BB-4B22-4544-BE46-C5FA21B04906}"
EndProject
Project("{FAE04EC0-301F-11D3-BF4B-00C04F79EFBC}") = "25_Instruments", "25_Instruments\25_Instruments.csproj", "{FB25EC7A-07FD-40FD-8962-ADEAF0E0C3D8}"
EndProject
Project("{FAE04EC0-301F-11D3-BF4B-00C04F79EFBC}") = "26_Delegates", "26_Delegates\26_Delegates.csproj", "{EC7A1E72-CEC5-4AF9-82E3-F5472393B660}"
EndProject
Project("{FAE04EC0-301F-11D3-BF4B-00C04F79EFBC}") = "27_DelegatesTask", "27_DelegatesTask\27_DelegatesTask.csproj", "{C7F221C9-A254-4DD0-A119-DC7C6C08B5E1}"
EndProject
Project("{FAE04EC0-301F-11D3-BF4B-00C04F79EFBC}") = "28_Lambda", "28_Lambda\28_Lambda.csproj", "{11046660-72E8-48AC-9B0F-E86C1C3B2B64}"
EndProject
Project("{FAE04EC0-301F-11D3-BF4B-00C04F79EFBC}") = "29_Events", "29_Events\29_Events.csproj", "{B4DDF17E-9B2F-4213-ABEF-3795823ACB81}"
EndProject
Project("{FAE04EC0-301F-11D3-BF4B-00C04F79EFBC}") = "30_EventsTask", "30_EventsTask\30_EventsTask.csproj", "{AC12C5E8-652C-4549-AF36-97A98B4D032C}"
EndProject
Project("{FAE04EC0-301F-11D3-BF4B-00C04F79EFBC}") = "31_EventsExampleWF", "31_EventsExampleWF\31_EventsExampleWF.csproj", "{031F0457-FD37-49CE-8CFA-EE233FC3CDAA}"
EndProject
Project("{FAE04EC0-301F-11D3-BF4B-00C04F79EFBC}") = "32_PingPongEvents", "32_PingPongEvents\32_PingPongEvents.csproj", "{7BCE6577-856A-411E-949C-B0699D624D15}"
EndProject
Project("{FAE04EC0-301F-11D3-BF4B-00C04F79EFBC}") = "33_Files", "33_Files\33_Files.csproj", "{7E41A484-2C37-4769-BF49-9A414721FC76}"
EndProject
Project("{FAE04EC0-301F-11D3-BF4B-00C04F79EFBC}") = "39_StandartInterfacesHM", "39_StandartInterfacesHM\39_StandartInterfacesHM.csproj", "{314539C3-102D-4E54-9493-D4B99766A6E4}"
EndProject
Global
	GlobalSection(SolutionConfigurationPlatforms) = preSolution
		Debug|Any CPU = Debug|Any CPU
		Release|Any CPU = Release|Any CPU
	EndGlobalSection
	GlobalSection(ProjectConfigurationPlatforms) = postSolution
		{A2408D9F-11B9-4BC1-87F8-469DE17B4199}.Debug|Any CPU.ActiveCfg = Debug|Any CPU
		{A2408D9F-11B9-4BC1-87F8-469DE17B4199}.Debug|Any CPU.Build.0 = Debug|Any CPU
		{A2408D9F-11B9-4BC1-87F8-469DE17B4199}.Release|Any CPU.ActiveCfg = Release|Any CPU
		{A2408D9F-11B9-4BC1-87F8-469DE17B4199}.Release|Any CPU.Build.0 = Release|Any CPU
		{CD7312F3-B5F1-46C0-A4CE-F42D7251644A}.Debug|Any CPU.ActiveCfg = Debug|Any CPU
		{CD7312F3-B5F1-46C0-A4CE-F42D7251644A}.Debug|Any CPU.Build.0 = Debug|Any CPU
		{CD7312F3-B5F1-46C0-A4CE-F42D7251644A}.Release|Any CPU.ActiveCfg = Release|Any CPU
		{CD7312F3-B5F1-46C0-A4CE-F42D7251644A}.Release|Any CPU.Build.0 = Release|Any CPU
		{82398333-90D9-409C-89E8-0C4D16A5B2AB}.Debug|Any CPU.ActiveCfg = Debug|Any CPU
		{82398333-90D9-409C-89E8-0C4D16A5B2AB}.Debug|Any CPU.Build.0 = Debug|Any CPU
		{82398333-90D9-409C-89E8-0C4D16A5B2AB}.Release|Any CPU.ActiveCfg = Release|Any CPU
		{82398333-90D9-409C-89E8-0C4D16A5B2AB}.Release|Any CPU.Build.0 = Release|Any CPU
		{352DE2A8-C62A-4BA7-BFAD-3EA0B2EC962E}.Debug|Any CPU.ActiveCfg = Debug|Any CPU
		{352DE2A8-C62A-4BA7-BFAD-3EA0B2EC962E}.Debug|Any CPU.Build.0 = Debug|Any CPU
		{352DE2A8-C62A-4BA7-BFAD-3EA0B2EC962E}.Release|Any CPU.ActiveCfg = Release|Any CPU
		{352DE2A8-C62A-4BA7-BFAD-3EA0B2EC962E}.Release|Any CPU.Build.0 = Release|Any CPU
		{B1726ABD-8E00-43D1-84BF-B9BDF8248BD1}.Debug|Any CPU.ActiveCfg = Debug|Any CPU
		{B1726ABD-8E00-43D1-84BF-B9BDF8248BD1}.Debug|Any CPU.Build.0 = Debug|Any CPU
		{B1726ABD-8E00-43D1-84BF-B9BDF8248BD1}.Release|Any CPU.ActiveCfg = Release|Any CPU
		{B1726ABD-8E00-43D1-84BF-B9BDF8248BD1}.Release|Any CPU.Build.0 = Release|Any CPU
		{29222B65-ACE7-43F8-9D0A-7E2030F73103}.Debug|Any CPU.ActiveCfg = Debug|Any CPU
		{29222B65-ACE7-43F8-9D0A-7E2030F73103}.Debug|Any CPU.Build.0 = Debug|Any CPU
		{29222B65-ACE7-43F8-9D0A-7E2030F73103}.Release|Any CPU.ActiveCfg = Release|Any CPU
		{29222B65-ACE7-43F8-9D0A-7E2030F73103}.Release|Any CPU.Build.0 = Release|Any CPU
		{DB82766A-39E0-46CF-9745-AB801A1678A3}.Debug|Any CPU.ActiveCfg = Debug|Any CPU
		{DB82766A-39E0-46CF-9745-AB801A1678A3}.Debug|Any CPU.Build.0 = Debug|Any CPU
		{DB82766A-39E0-46CF-9745-AB801A1678A3}.Release|Any CPU.ActiveCfg = Release|Any CPU
		{DB82766A-39E0-46CF-9745-AB801A1678A3}.Release|Any CPU.Build.0 = Release|Any CPU
		{5375C701-61D2-4E27-A667-D2365B93044C}.Debug|Any CPU.ActiveCfg = Debug|Any CPU
		{5375C701-61D2-4E27-A667-D2365B93044C}.Debug|Any CPU.Build.0 = Debug|Any CPU
		{5375C701-61D2-4E27-A667-D2365B93044C}.Release|Any CPU.ActiveCfg = Release|Any CPU
		{5375C701-61D2-4E27-A667-D2365B93044C}.Release|Any CPU.Build.0 = Release|Any CPU
		{191190D0-F7F2-4231-BEE5-33F5F9FD2CED}.Debug|Any CPU.ActiveCfg = Debug|Any CPU
		{191190D0-F7F2-4231-BEE5-33F5F9FD2CED}.Debug|Any CPU.Build.0 = Debug|Any CPU
		{191190D0-F7F2-4231-BEE5-33F5F9FD2CED}.Release|Any CPU.ActiveCfg = Release|Any CPU
		{191190D0-F7F2-4231-BEE5-33F5F9FD2CED}.Release|Any CPU.Build.0 = Release|Any CPU
		{484B0FFB-4A74-4034-BFB8-7798FFCC4C2A}.Debug|Any CPU.ActiveCfg = Debug|Any CPU
		{484B0FFB-4A74-4034-BFB8-7798FFCC4C2A}.Debug|Any CPU.Build.0 = Debug|Any CPU
		{484B0FFB-4A74-4034-BFB8-7798FFCC4C2A}.Release|Any CPU.ActiveCfg = Release|Any CPU
		{484B0FFB-4A74-4034-BFB8-7798FFCC4C2A}.Release|Any CPU.Build.0 = Release|Any CPU
		{B36EB811-5ED3-40A9-98D8-5E5EFE8A723B}.Debug|Any CPU.ActiveCfg = Debug|Any CPU
		{B36EB811-5ED3-40A9-98D8-5E5EFE8A723B}.Debug|Any CPU.Build.0 = Debug|Any CPU
		{B36EB811-5ED3-40A9-98D8-5E5EFE8A723B}.Release|Any CPU.ActiveCfg = Release|Any CPU
		{B36EB811-5ED3-40A9-98D8-5E5EFE8A723B}.Release|Any CPU.Build.0 = Release|Any CPU
		{9902F4CC-A337-4B06-8D3E-B97EF7F40515}.Debug|Any CPU.ActiveCfg = Debug|Any CPU
		{9902F4CC-A337-4B06-8D3E-B97EF7F40515}.Debug|Any CPU.Build.0 = Debug|Any CPU
		{9902F4CC-A337-4B06-8D3E-B97EF7F40515}.Release|Any CPU.ActiveCfg = Release|Any CPU
		{9902F4CC-A337-4B06-8D3E-B97EF7F40515}.Release|Any CPU.Build.0 = Release|Any CPU
		{A0FB34E8-4845-4F65-81DC-6D49BBDF83C1}.Debug|Any CPU.ActiveCfg = Debug|Any CPU
		{A0FB34E8-4845-4F65-81DC-6D49BBDF83C1}.Debug|Any CPU.Build.0 = Debug|Any CPU
		{A0FB34E8-4845-4F65-81DC-6D49BBDF83C1}.Release|Any CPU.ActiveCfg = Release|Any CPU
		{A0FB34E8-4845-4F65-81DC-6D49BBDF83C1}.Release|Any CPU.Build.0 = Release|Any CPU
		{2C5C0505-978E-4A45-B678-87D40FA91152}.Debug|Any CPU.ActiveCfg = Debug|Any CPU
		{2C5C0505-978E-4A45-B678-87D40FA91152}.Debug|Any CPU.Build.0 = Debug|Any CPU
		{2C5C0505-978E-4A45-B678-87D40FA91152}.Release|Any CPU.ActiveCfg = Release|Any CPU
		{2C5C0505-978E-4A45-B678-87D40FA91152}.Release|Any CPU.Build.0 = Release|Any CPU
		{F9063656-E06B-4C92-B811-4DE5157CAEC6}.Debug|Any CPU.ActiveCfg = Debug|Any CPU
		{F9063656-E06B-4C92-B811-4DE5157CAEC6}.Debug|Any CPU.Build.0 = Debug|Any CPU
		{F9063656-E06B-4C92-B811-4DE5157CAEC6}.Release|Any CPU.ActiveCfg = Release|Any CPU
		{F9063656-E06B-4C92-B811-4DE5157CAEC6}.Release|Any CPU.Build.0 = Release|Any CPU
		{123F3655-FEF4-4333-BC89-3A7BA07A1D98}.Debug|Any CPU.ActiveCfg = Debug|Any CPU
		{123F3655-FEF4-4333-BC89-3A7BA07A1D98}.Debug|Any CPU.Build.0 = Debug|Any CPU
		{123F3655-FEF4-4333-BC89-3A7BA07A1D98}.Release|Any CPU.ActiveCfg = Release|Any CPU
		{123F3655-FEF4-4333-BC89-3A7BA07A1D98}.Release|Any CPU.Build.0 = Release|Any CPU
		{4F68D54F-3FA5-44BE-9282-A5FE4DC539C6}.Debug|Any CPU.ActiveCfg = Debug|Any CPU
		{4F68D54F-3FA5-44BE-9282-A5FE4DC539C6}.Debug|Any CPU.Build.0 = Debug|Any CPU
		{4F68D54F-3FA5-44BE-9282-A5FE4DC539C6}.Release|Any CPU.ActiveCfg = Release|Any CPU
		{4F68D54F-3FA5-44BE-9282-A5FE4DC539C6}.Release|Any CPU.Build.0 = Release|Any CPU
		{E93139F6-5153-4C7D-8563-6DA80EE93F6D}.Debug|Any CPU.ActiveCfg = Debug|Any CPU
		{E93139F6-5153-4C7D-8563-6DA80EE93F6D}.Debug|Any CPU.Build.0 = Debug|Any CPU
		{E93139F6-5153-4C7D-8563-6DA80EE93F6D}.Release|Any CPU.ActiveCfg = Release|Any CPU
		{E93139F6-5153-4C7D-8563-6DA80EE93F6D}.Release|Any CPU.Build.0 = Release|Any CPU
		{87430CDE-C34A-4B6D-A7E2-D47C52006C76}.Debug|Any CPU.ActiveCfg = Debug|Any CPU
		{87430CDE-C34A-4B6D-A7E2-D47C52006C76}.Debug|Any CPU.Build.0 = Debug|Any CPU
		{87430CDE-C34A-4B6D-A7E2-D47C52006C76}.Release|Any CPU.ActiveCfg = Release|Any CPU
		{87430CDE-C34A-4B6D-A7E2-D47C52006C76}.Release|Any CPU.Build.0 = Release|Any CPU
		{615EEE13-A4BC-49A9-941C-010604454F95}.Debug|Any CPU.ActiveCfg = Debug|Any CPU
		{615EEE13-A4BC-49A9-941C-010604454F95}.Debug|Any CPU.Build.0 = Debug|Any CPU
		{615EEE13-A4BC-49A9-941C-010604454F95}.Release|Any CPU.ActiveCfg = Release|Any CPU
		{615EEE13-A4BC-49A9-941C-010604454F95}.Release|Any CPU.Build.0 = Release|Any CPU
		{70462839-A960-43D8-894B-5F3F95095E31}.Debug|Any CPU.ActiveCfg = Debug|Any CPU
		{70462839-A960-43D8-894B-5F3F95095E31}.Debug|Any CPU.Build.0 = Debug|Any CPU
		{70462839-A960-43D8-894B-5F3F95095E31}.Release|Any CPU.ActiveCfg = Release|Any CPU
		{70462839-A960-43D8-894B-5F3F95095E31}.Release|Any CPU.Build.0 = Release|Any CPU
		{312B7B8F-55E0-4237-A427-3B20B2AE5EF0}.Debug|Any CPU.ActiveCfg = Debug|Any CPU
		{312B7B8F-55E0-4237-A427-3B20B2AE5EF0}.Debug|Any CPU.Build.0 = Debug|Any CPU
		{312B7B8F-55E0-4237-A427-3B20B2AE5EF0}.Release|Any CPU.ActiveCfg = Release|Any CPU
		{312B7B8F-55E0-4237-A427-3B20B2AE5EF0}.Release|Any CPU.Build.0 = Release|Any CPU
		{69C284BB-4B22-4544-BE46-C5FA21B04906}.Debug|Any CPU.ActiveCfg = Debug|Any CPU
		{69C284BB-4B22-4544-BE46-C5FA21B04906}.Debug|Any CPU.Build.0 = Debug|Any CPU
		{69C284BB-4B22-4544-BE46-C5FA21B04906}.Release|Any CPU.ActiveCfg = Release|Any CPU
		{69C284BB-4B22-4544-BE46-C5FA21B04906}.Release|Any CPU.Build.0 = Release|Any CPU
		{FB25EC7A-07FD-40FD-8962-ADEAF0E0C3D8}.Debug|Any CPU.ActiveCfg = Debug|Any CPU
		{FB25EC7A-07FD-40FD-8962-ADEAF0E0C3D8}.Debug|Any CPU.Build.0 = Debug|Any CPU
		{FB25EC7A-07FD-40FD-8962-ADEAF0E0C3D8}.Release|Any CPU.ActiveCfg = Release|Any CPU
		{FB25EC7A-07FD-40FD-8962-ADEAF0E0C3D8}.Release|Any CPU.Build.0 = Release|Any CPU
		{EC7A1E72-CEC5-4AF9-82E3-F5472393B660}.Debug|Any CPU.ActiveCfg = Debug|Any CPU
		{EC7A1E72-CEC5-4AF9-82E3-F5472393B660}.Debug|Any CPU.Build.0 = Debug|Any CPU
		{EC7A1E72-CEC5-4AF9-82E3-F5472393B660}.Release|Any CPU.ActiveCfg = Release|Any CPU
		{EC7A1E72-CEC5-4AF9-82E3-F5472393B660}.Release|Any CPU.Build.0 = Release|Any CPU
		{C7F221C9-A254-4DD0-A119-DC7C6C08B5E1}.Debug|Any CPU.ActiveCfg = Debug|Any CPU
		{C7F221C9-A254-4DD0-A119-DC7C6C08B5E1}.Debug|Any CPU.Build.0 = Debug|Any CPU
		{C7F221C9-A254-4DD0-A119-DC7C6C08B5E1}.Release|Any CPU.ActiveCfg = Release|Any CPU
		{C7F221C9-A254-4DD0-A119-DC7C6C08B5E1}.Release|Any CPU.Build.0 = Release|Any CPU
		{11046660-72E8-48AC-9B0F-E86C1C3B2B64}.Debug|Any CPU.ActiveCfg = Debug|Any CPU
		{11046660-72E8-48AC-9B0F-E86C1C3B2B64}.Debug|Any CPU.Build.0 = Debug|Any CPU
		{11046660-72E8-48AC-9B0F-E86C1C3B2B64}.Release|Any CPU.ActiveCfg = Release|Any CPU
		{11046660-72E8-48AC-9B0F-E86C1C3B2B64}.Release|Any CPU.Build.0 = Release|Any CPU
		{B4DDF17E-9B2F-4213-ABEF-3795823ACB81}.Debug|Any CPU.ActiveCfg = Debug|Any CPU
		{B4DDF17E-9B2F-4213-ABEF-3795823ACB81}.Debug|Any CPU.Build.0 = Debug|Any CPU
		{B4DDF17E-9B2F-4213-ABEF-3795823ACB81}.Release|Any CPU.ActiveCfg = Release|Any CPU
		{B4DDF17E-9B2F-4213-ABEF-3795823ACB81}.Release|Any CPU.Build.0 = Release|Any CPU
		{AC12C5E8-652C-4549-AF36-97A98B4D032C}.Debug|Any CPU.ActiveCfg = Debug|Any CPU
		{AC12C5E8-652C-4549-AF36-97A98B4D032C}.Debug|Any CPU.Build.0 = Debug|Any CPU
		{AC12C5E8-652C-4549-AF36-97A98B4D032C}.Release|Any CPU.ActiveCfg = Release|Any CPU
		{AC12C5E8-652C-4549-AF36-97A98B4D032C}.Release|Any CPU.Build.0 = Release|Any CPU
		{031F0457-FD37-49CE-8CFA-EE233FC3CDAA}.Debug|Any CPU.ActiveCfg = Debug|Any CPU
		{031F0457-FD37-49CE-8CFA-EE233FC3CDAA}.Debug|Any CPU.Build.0 = Debug|Any CPU
		{031F0457-FD37-49CE-8CFA-EE233FC3CDAA}.Release|Any CPU.ActiveCfg = Release|Any CPU
		{031F0457-FD37-49CE-8CFA-EE233FC3CDAA}.Release|Any CPU.Build.0 = Release|Any CPU
		{7BCE6577-856A-411E-949C-B0699D624D15}.Debug|Any CPU.ActiveCfg = Debug|Any CPU
		{7BCE6577-856A-411E-949C-B0699D624D15}.Debug|Any CPU.Build.0 = Debug|Any CPU
		{7BCE6577-856A-411E-949C-B0699D624D15}.Release|Any CPU.ActiveCfg = Release|Any CPU
		{7BCE6577-856A-411E-949C-B0699D624D15}.Release|Any CPU.Build.0 = Release|Any CPU
		{7E41A484-2C37-4769-BF49-9A414721FC76}.Debug|Any CPU.ActiveCfg = Debug|Any CPU
		{7E41A484-2C37-4769-BF49-9A414721FC76}.Debug|Any CPU.Build.0 = Debug|Any CPU
		{7E41A484-2C37-4769-BF49-9A414721FC76}.Release|Any CPU.ActiveCfg = Release|Any CPU
		{7E41A484-2C37-4769-BF49-9A414721FC76}.Release|Any CPU.Build.0 = Release|Any CPU
		{314539C3-102D-4E54-9493-D4B99766A6E4}.Debug|Any CPU.ActiveCfg = Debug|Any CPU
		{314539C3-102D-4E54-9493-D4B99766A6E4}.Debug|Any CPU.Build.0 = Debug|Any CPU
		{314539C3-102D-4E54-9493-D4B99766A6E4}.Release|Any CPU.ActiveCfg = Release|Any CPU
		{314539C3-102D-4E54-9493-D4B99766A6E4}.Release|Any CPU.Build.0 = Release|Any CPU
	EndGlobalSection
	GlobalSection(SolutionProperties) = preSolution
		HideSolutionNode = FALSE
	EndGlobalSection
	GlobalSection(ExtensibilityGlobals) = postSolution
		SolutionGuid = {686CFEEA-3FDE-44A8-8F14-1FC179244420}
	EndGlobalSection
EndGlobal
