
Microsoft Visual Studio Solution File, Format Version 12.00
# Visual Studio Version 17
VisualStudioVersion = 17.7.34221.43
MinimumVisualStudioVersion = 10.0.40219.1
Project("{9A19103F-16F7-4668-BE54-9A1E7A4F7556}") = "01_Basics", "01_Basics\01_Basics.csproj", "{A2408D9F-11B9-4BC1-87F8-469DE17B4199}"
EndProject
Project("{FAE04EC0-301F-11D3-BF4B-00C04F79EFBC}") = "02_Arrays", "02_Arrays\02_Arrays.csproj", "{CD7312F3-B5F1-46C0-A4CE-F42D7251644A}"
EndProject
Project("{FAE04EC0-301F-11D3-BF4B-00C04F79EFBC}") = "04_Classes", "04_Classes\04_Classes.csproj", "{82398333-90D9-409C-89E8-0C4D16A5B2AB}"
EndProject
Project("{FAE04EC0-301F-11D3-BF4B-00C04F79EFBC}") = "05_WFExample", "05_WFExample\05_WFExample.csproj", "{352DE2A8-C62A-4BA7-BFAD-3EA0B2EC962E}"
EndProject
Project("{FAE04EC0-301F-11D3-BF4B-00C04F79EFBC}") = "06_Namespaces", "06_Namespaces\06_Namespaces.csproj", "{B1726ABD-8E00-43D1-84BF-B9BDF8248BD1}"
EndProject
Project("{FAE04EC0-301F-11D3-BF4B-00C04F79EFBC}") = "07_CircleTask", "07_CircleTask\07_CircleTask.csproj", "{29222B65-ACE7-43F8-9D0A-7E2030F73103}"
EndProject
Project("{FAE04EC0-301F-11D3-BF4B-00C04F79EFBC}") = "08_OperatorsOverloading", "08_OperatorsOverloading\08_OperatorsOverloading.csproj", "{DB82766A-39E0-46CF-9745-AB801A1678A3}"
EndProject
Project("{FAE04EC0-301F-11D3-BF4B-00C04F79EFBC}") = "09_ShopTask", "09_ShopTask\09_ShopTask.csproj", "{5375C701-61D2-4E27-A667-D2365B93044C}"
EndProject
Project("{FAE04EC0-301F-11D3-BF4B-00C04F79EFBC}") = "10_PlaneHomework", "10_PlaneHomework\10_PlaneHomework.csproj", "{191190D0-F7F2-4231-BEE5-33F5F9FD2CED}"
EndProject
Project("{FAE04EC0-301F-11D3-BF4B-00C04F79EFBC}") = "11_Exceptions", "11_Exceptions\11_Exceptions.csproj", "{484B0FFB-4A74-4034-BFB8-7798FFCC4C2A}"
EndProject
Project("{FAE04EC0-301F-11D3-BF4B-00C04F79EFBC}") = "12_Inheritance", "12_Inheritance\12_Inheritance.csproj", "{B36EB811-5ED3-40A9-98D8-5E5EFE8A723B}"
EndProject
Project("{FAE04EC0-301F-11D3-BF4B-00C04F79EFBC}") = "13_Polymorphism", "13_Polymorphism\13_Polymorphism.csproj", "{9902F4CC-A337-4B06-8D3E-B97EF7F40515}"
EndProject
Project("{FAE04EC0-301F-11D3-BF4B-00C04F79EFBC}") = "14_BookHomework", "14_BookHomework\14_BookHomework.csproj", "{A0FB34E8-4845-4F65-81DC-6D49BBDF83C1}"
EndProject
Project("{FAE04EC0-301F-11D3-BF4B-00C04F79EFBC}") = "15_Interfaces", "15_Interfaces\15_Interfaces.csproj", "{2C5C0505-978E-4A45-B678-87D40FA91152}"
EndProject
Project("{FAE04EC0-301F-11D3-BF4B-00C04F79EFBC}") = "16_InterfacesTask", "16_InterfacesTask\16_InterfacesTask.csproj", "{F9063656-E06B-4C92-B811-4DE5157CAEC6}"
EndProject
Global
	GlobalSection(SolutionConfigurationPlatforms) = preSolution
		Debug|Any CPU = Debug|Any CPU
		Release|Any CPU = Release|Any CPU
	EndGlobalSection
	GlobalSection(ProjectConfigurationPlatforms) = postSolution
		{A2408D9F-11B9-4BC1-87F8-469DE17B4199}.Debug|Any CPU.ActiveCfg = Debug|Any CPU
		{A2408D9F-11B9-4BC1-87F8-469DE17B4199}.Debug|Any CPU.Build.0 = Debug|Any CPU
		{A2408D9F-11B9-4BC1-87F8-469DE17B4199}.Release|Any CPU.ActiveCfg = Release|Any CPU
		{A2408D9F-11B9-4BC1-87F8-469DE17B4199}.Release|Any CPU.Build.0 = Release|Any CPU
		{CD7312F3-B5F1-46C0-A4CE-F42D7251644A}.Debug|Any CPU.ActiveCfg = Debug|Any CPU
		{CD7312F3-B5F1-46C0-A4CE-F42D7251644A}.Debug|Any CPU.Build.0 = Debug|Any CPU
		{CD7312F3-B5F1-46C0-A4CE-F42D7251644A}.Release|Any CPU.ActiveCfg = Release|Any CPU
		{CD7312F3-B5F1-46C0-A4CE-F42D7251644A}.Release|Any CPU.Build.0 = Release|Any CPU
		{82398333-90D9-409C-89E8-0C4D16A5B2AB}.Debug|Any CPU.ActiveCfg = Debug|Any CPU
		{82398333-90D9-409C-89E8-0C4D16A5B2AB}.Debug|Any CPU.Build.0 = Debug|Any CPU
		{82398333-90D9-409C-89E8-0C4D16A5B2AB}.Release|Any CPU.ActiveCfg = Release|Any CPU
		{82398333-90D9-409C-89E8-0C4D16A5B2AB}.Release|Any CPU.Build.0 = Release|Any CPU
		{352DE2A8-C62A-4BA7-BFAD-3EA0B2EC962E}.Debug|Any CPU.ActiveCfg = Debug|Any CPU
		{352DE2A8-C62A-4BA7-BFAD-3EA0B2EC962E}.Debug|Any CPU.Build.0 = Debug|Any CPU
		{352DE2A8-C62A-4BA7-BFAD-3EA0B2EC962E}.Release|Any CPU.ActiveCfg = Release|Any CPU
		{352DE2A8-C62A-4BA7-BFAD-3EA0B2EC962E}.Release|Any CPU.Build.0 = Release|Any CPU
		{B1726ABD-8E00-43D1-84BF-B9BDF8248BD1}.Debug|Any CPU.ActiveCfg = Debug|Any CPU
		{B1726ABD-8E00-43D1-84BF-B9BDF8248BD1}.Debug|Any CPU.Build.0 = Debug|Any CPU
		{B1726ABD-8E00-43D1-84BF-B9BDF8248BD1}.Release|Any CPU.ActiveCfg = Release|Any CPU
		{B1726ABD-8E00-43D1-84BF-B9BDF8248BD1}.Release|Any CPU.Build.0 = Release|Any CPU
		{29222B65-ACE7-43F8-9D0A-7E2030F73103}.Debug|Any CPU.ActiveCfg = Debug|Any CPU
		{29222B65-ACE7-43F8-9D0A-7E2030F73103}.Debug|Any CPU.Build.0 = Debug|Any CPU
		{29222B65-ACE7-43F8-9D0A-7E2030F73103}.Release|Any CPU.ActiveCfg = Release|Any CPU
		{29222B65-ACE7-43F8-9D0A-7E2030F73103}.Release|Any CPU.Build.0 = Release|Any CPU
		{DB82766A-39E0-46CF-9745-AB801A1678A3}.Debug|Any CPU.ActiveCfg = Debug|Any CPU
		{DB82766A-39E0-46CF-9745-AB801A1678A3}.Debug|Any CPU.Build.0 = Debug|Any CPU
		{DB82766A-39E0-46CF-9745-AB801A1678A3}.Release|Any CPU.ActiveCfg = Release|Any CPU
		{DB82766A-39E0-46CF-9745-AB801A1678A3}.Release|Any CPU.Build.0 = Release|Any CPU
		{5375C701-61D2-4E27-A667-D2365B93044C}.Debug|Any CPU.ActiveCfg = Debug|Any CPU
		{5375C701-61D2-4E27-A667-D2365B93044C}.Debug|Any CPU.Build.0 = Debug|Any CPU
		{5375C701-61D2-4E27-A667-D2365B93044C}.Release|Any CPU.ActiveCfg = Release|Any CPU
		{5375C701-61D2-4E27-A667-D2365B93044C}.Release|Any CPU.Build.0 = Release|Any CPU
		{191190D0-F7F2-4231-BEE5-33F5F9FD2CED}.Debug|Any CPU.ActiveCfg = Debug|Any CPU
		{191190D0-F7F2-4231-BEE5-33F5F9FD2CED}.Debug|Any CPU.Build.0 = Debug|Any CPU
		{191190D0-F7F2-4231-BEE5-33F5F9FD2CED}.Release|Any CPU.ActiveCfg = Release|Any CPU
		{191190D0-F7F2-4231-BEE5-33F5F9FD2CED}.Release|Any CPU.Build.0 = Release|Any CPU
		{484B0FFB-4A74-4034-BFB8-7798FFCC4C2A}.Debug|Any CPU.ActiveCfg = Debug|Any CPU
		{484B0FFB-4A74-4034-BFB8-7798FFCC4C2A}.Debug|Any CPU.Build.0 = Debug|Any CPU
		{484B0FFB-4A74-4034-BFB8-7798FFCC4C2A}.Release|Any CPU.ActiveCfg = Release|Any CPU
		{484B0FFB-4A74-4034-BFB8-7798FFCC4C2A}.Release|Any CPU.Build.0 = Release|Any CPU
		{B36EB811-5ED3-40A9-98D8-5E5EFE8A723B}.Debug|Any CPU.ActiveCfg = Debug|Any CPU
		{B36EB811-5ED3-40A9-98D8-5E5EFE8A723B}.Debug|Any CPU.Build.0 = Debug|Any CPU
		{B36EB811-5ED3-40A9-98D8-5E5EFE8A723B}.Release|Any CPU.ActiveCfg = Release|Any CPU
		{B36EB811-5ED3-40A9-98D8-5E5EFE8A723B}.Release|Any CPU.Build.0 = Release|Any CPU
		{9902F4CC-A337-4B06-8D3E-B97EF7F40515}.Debug|Any CPU.ActiveCfg = Debug|Any CPU
		{9902F4CC-A337-4B06-8D3E-B97EF7F40515}.Debug|Any CPU.Build.0 = Debug|Any CPU
		{9902F4CC-A337-4B06-8D3E-B97EF7F40515}.Release|Any CPU.ActiveCfg = Release|Any CPU
		{9902F4CC-A337-4B06-8D3E-B97EF7F40515}.Release|Any CPU.Build.0 = Release|Any CPU
		{A0FB34E8-4845-4F65-81DC-6D49BBDF83C1}.Debug|Any CPU.ActiveCfg = Debug|Any CPU
		{A0FB34E8-4845-4F65-81DC-6D49BBDF83C1}.Debug|Any CPU.Build.0 = Debug|Any CPU
		{A0FB34E8-4845-4F65-81DC-6D49BBDF83C1}.Release|Any CPU.ActiveCfg = Release|Any CPU
		{A0FB34E8-4845-4F65-81DC-6D49BBDF83C1}.Release|Any CPU.Build.0 = Release|Any CPU
		{2C5C0505-978E-4A45-B678-87D40FA91152}.Debug|Any CPU.ActiveCfg = Debug|Any CPU
		{2C5C0505-978E-4A45-B678-87D40FA91152}.Debug|Any CPU.Build.0 = Debug|Any CPU
		{2C5C0505-978E-4A45-B678-87D40FA91152}.Release|Any CPU.ActiveCfg = Release|Any CPU
		{2C5C0505-978E-4A45-B678-87D40FA91152}.Release|Any CPU.Build.0 = Release|Any CPU
		{F9063656-E06B-4C92-B811-4DE5157CAEC6}.Debug|Any CPU.ActiveCfg = Debug|Any CPU
		{F9063656-E06B-4C92-B811-4DE5157CAEC6}.Debug|Any CPU.Build.0 = Debug|Any CPU
		{F9063656-E06B-4C92-B811-4DE5157CAEC6}.Release|Any CPU.ActiveCfg = Release|Any CPU
		{F9063656-E06B-4C92-B811-4DE5157CAEC6}.Release|Any CPU.Build.0 = Release|Any CPU
	EndGlobalSection
	GlobalSection(SolutionProperties) = preSolution
		HideSolutionNode = FALSE
	EndGlobalSection
	GlobalSection(ExtensibilityGlobals) = postSolution
		SolutionGuid = {686CFEEA-3FDE-44A8-8F14-1FC179244420}
	EndGlobalSection
EndGlobal
